
Microsoft Visual Studio Solution File, Format Version 12.00
# Visual Studio Version 17
VisualStudioVersion = 17.5.002.0
MinimumVisualStudioVersion = 10.0.40219.1
Project("{9A19103F-16F7-4668-BE54-9A1E7A4F7556}") = "MenuOn", "MenuOn.csproj", "{DFD5BB56-75D3-42A9-B204-73FD97688721}"
EndProject
Global
	GlobalSection(SolutionConfigurationPlatforms) = preSolution
		Debug|Any CPU = Debug|Any CPU
		Release|Any CPU = Release|Any CPU
	EndGlobalSection
	GlobalSection(ProjectConfigurationPlatforms) = postSolution
		{DFD5BB56-75D3-42A9-B204-73FD97688721}.Debug|Any CPU.ActiveCfg = Debug|Any CPU
		{DFD5BB56-75D3-42A9-B204-73FD97688721}.Debug|Any CPU.Build.0 = Debug|Any CPU
		{DFD5BB56-75D3-42A9-B204-73FD97688721}.Release|Any CPU.ActiveCfg = Release|Any CPU
		{DFD5BB56-75D3-42A9-B204-73FD97688721}.Release|Any CPU.Build.0 = Release|Any CPU
	EndGlobalSection
	GlobalSection(SolutionProperties) = preSolution
		HideSolutionNode = FALSE
	EndGlobalSection
	GlobalSection(ExtensibilityGlobals) = postSolution
		SolutionGuid = {77F42FC1-F12F-4D2F-A92B-59182A87670F}
	EndGlobalSection
EndGlobal
